# THIS IS AN AUTOGENERATED FILE. DO NOT EDIT THIS FILE DIRECTLY.
# yarn lockfile v1


angular-block-ui@^0.2.2:
  version "0.2.2"
  resolved "https://registry.yarnpkg.com/angular-block-ui/-/angular-block-ui-0.2.2.tgz#466613cd80ad286eb4b588cfced00fec6ac5e975"

"angular-bootstrap-multiselect@https://github.com/bentorfs/angular-bootstrap-multiselect.git#^1.1.6":
  version "1.1.10"
  resolved "https://github.com/bentorfs/angular-bootstrap-multiselect.git#1405d6cfe4cb81fc2883d0d1c6399c6b54166c43"

angular-bootstrap@^2.4.0:
  version "0.12.2"
  resolved "https://registry.yarnpkg.com/angular-bootstrap/-/angular-bootstrap-0.12.2.tgz#de9900a7db087a7e9da47304a9c2f77f9c069827"

angular-sanitize@^1.6.1:
  version "1.6.6"
  resolved "https://registry.yarnpkg.com/angular-sanitize/-/angular-sanitize-1.6.6.tgz#0fd065a19931517fbece66596d325d72b6e06041"

angular-ui-router@^0.4.0:
  version "0.4.2"
  resolved "https://registry.yarnpkg.com/angular-ui-router/-/angular-ui-router-0.4.2.tgz#b6aed1ca69a683c82e3992898eabd4ba15868608"
  dependencies:
    angular "^1.0.8"

angular-ui-select@^0.19.6:
  version "0.12.100"
  resolved "https://registry.yarnpkg.com/angular-ui-select/-/angular-ui-select-0.12.100.tgz#83cb869ecaf7a3dd40463bca18eafe0d84e1b9ca"

angular@^1.0.8, angular@^1.6.6:
  version "1.6.6"
  resolved "https://registry.yarnpkg.com/angular/-/angular-1.6.6.tgz#fd5a3cfb437ce382d854ee01120797978527cb64"

block-ui@*:
  version "2.70.1"
  resolved "https://registry.yarnpkg.com/block-ui/-/block-ui-2.70.1.tgz#c862d64ee6288fb78123377c6680bc7ab262103f"
  dependencies:
    jquery ">=1.7.x"

bootstrap-datepicker@^1.6.4:
  version "1.7.1"
  resolved "https://registry.yarnpkg.com/bootstrap-datepicker/-/bootstrap-datepicker-1.7.1.tgz#4ee7faf34888dbec7834fbf9dbe7c4277e01ddaf"
  dependencies:
    jquery ">=1.7.1 <4.0.0"

bootstrap-hover-dropdown@^2.2.1:
  version "2.2.1"
  resolved "https://registry.yarnpkg.com/bootstrap-hover-dropdown/-/bootstrap-hover-dropdown-2.2.1.tgz#735182a67231b1739512ce62394e481914dd8b1e"
  dependencies:
    streamqueue "^0.1.1"

bootstrap-select@^1.12.2:
  version "1.12.4"
  resolved "https://registry.yarnpkg.com/bootstrap-select/-/bootstrap-select-1.12.4.tgz#7f15d3c0ce978868d9c09c70f96624f55fa02ee1"
  dependencies:
    jquery ">=1.8"

bootstrap-switch@^3.3.2:
  version "3.3.4"
  resolved "https://registry.yarnpkg.com/bootstrap-switch/-/bootstrap-switch-3.3.4.tgz#70e0aeb2a877c0dc766991de108e2170fc29a2ff"

bootstrap@^3.3.7:
  version "3.3.7"
  resolved "https://registry.yarnpkg.com/bootstrap/-/bootstrap-3.3.7.tgz#5a389394549f23330875a3b150656574f8a9eb71"

core-util-is@~1.0.0:
  version "1.0.2"
  resolved "https://registry.yarnpkg.com/core-util-is/-/core-util-is-1.0.2.tgz#b5fd54220aa2bc5ab57aab7140c940754503c1a7"

datatables.net-bs@>=1.10.9:
  version "2.1.1"
  resolved "https://registry.yarnpkg.com/datatables.net-bs/-/datatables.net-bs-2.1.1.tgz#704108972891949d094bf44f53d0654d9fee7bce"
  dependencies:
    datatables.net ">=1.10.9"
    jquery ">=1.7"

datatables.net-scroller-bs@^1.4.2:
  version "1.4.2"
  resolved "https://registry.yarnpkg.com/datatables.net-scroller-bs/-/datatables.net-scroller-bs-1.4.2.tgz#80d3275c6792b543c43851b9a11adca5010aad5b"
  dependencies:
    datatables.net-bs ">=1.10.9"
    datatables.net-scroller ">=1.3.0"
    jquery ">=1.7"

datatables.net-scroller@>=1.3.0, datatables.net-scroller@^1.4.2:
  version "1.4.2"
  resolved "https://registry.yarnpkg.com/datatables.net-scroller/-/datatables.net-scroller-1.4.2.tgz#70afde0df388dbe4c7537f915f756596648d7ff1"
  dependencies:
    datatables.net ">=1.10.9"
    jquery ">=1.7"

datatables.net@>=1.10.9:
  version "2.1.1"
  resolved "https://registry.yarnpkg.com/datatables.net/-/datatables.net-2.1.1.tgz#6f1103ef08054642aecf85e7e25efd592822ee78"
  dependencies:
    jquery ">=1.7"

font-awesome@^4.7.0:
  version "4.7.0"
  resolved "https://registry.yarnpkg.com/font-awesome/-/font-awesome-4.7.0.tgz#8fa8cf0411a1a31afd07b06d2902bb9fc815a133"

inherits@~2.0.1:
  version "2.0.3"
  resolved "https://registry.yarnpkg.com/inherits/-/inherits-2.0.3.tgz#633c2c83e3da42a502f52466022480f4208261de"

isarray@0.0.1:
  version "0.0.1"
  resolved "https://registry.yarnpkg.com/isarray/-/isarray-0.0.1.tgz#8a18acfca9a8f4177e09abfc6038939b05d1eedf"

isstream@~0.1.1:
  version "0.1.2"
  resolved "https://registry.yarnpkg.com/isstream/-/isstream-0.1.2.tgz#47e63f7af55afa6f92e1500e690eb8b8529c099a"

jquery-backstretch@^2.1.16:
  version "2.1.16"
  resolved "https://registry.yarnpkg.com/jquery-backstretch/-/jquery-backstretch-2.1.16.tgz#4ee7547dcb85cf69eed2639cac0c9131651dc5e7"
  dependencies:
    jquery "^3.1.1"

jquery-slimscroll@^1.3.8:
  version "1.3.8"
  resolved "https://registry.yarnpkg.com/jquery-slimscroll/-/jquery-slimscroll-1.3.8.tgz#8481c44e7a47687653908a28f7f70aed64c84e36"
  dependencies:
    jquery ">= 1.7"

jquery-validation@^1.16.0:
  version "1.17.0"
  resolved "https://registry.yarnpkg.com/jquery-validation/-/jquery-validation-1.17.0.tgz#ab66b6b583d7740b9bbd148993e50e8ac041f35b"
  dependencies:
    jquery "^1.7 || ^2.0 || ^3.1"

"jquery@>= 1.7", jquery@>=1.7, "jquery@>=1.7.1 <4.0.0", jquery@>=1.7.x, jquery@>=1.8, "jquery@^1.7 || ^2.0 || ^3.1", jquery@^3.1.1:
  version "3.2.1"
  resolved "https://registry.yarnpkg.com/jquery/-/jquery-3.2.1.tgz#5c4d9de652af6cd0a770154a631bba12b015c787"

js-cookie@^2.1.3:
  version "2.1.4"
  resolved "https://registry.yarnpkg.com/js-cookie/-/js-cookie-2.1.4.tgz#da4ec503866f149d164cf25f579ef31015025d8d"

lodash@^4.17.4:
  version "4.17.4"
  resolved "https://registry.yarnpkg.com/lodash/-/lodash-4.17.4.tgz#78203a4d1c328ae1d86dca6460e369b57f4055ae"

morris.js@^0.5.1:
  version "0.5.0"
  resolved "https://registry.yarnpkg.com/morris.js/-/morris.js-0.5.0.tgz#725767135cfae059aae75999bb2ce6a1c5d1b44b"

oclazyload@^1.0.9:
  version "1.1.0"
  resolved "https://registry.yarnpkg.com/oclazyload/-/oclazyload-1.1.0.tgz#a9807322f190820a81c022f2ef1701d036d83e87"

readable-stream@~1.0.33:
  version "1.0.34"
  resolved "https://registry.yarnpkg.com/readable-stream/-/readable-stream-1.0.34.tgz#125820e34bc842d2f2aaafafe4c2916ee32c157c"
  dependencies:
    core-util-is "~1.0.0"
    inherits "~2.0.1"
    isarray "0.0.1"
    string_decoder "~0.10.x"

simple-line-icons@^2.4.1:
  version "2.4.1"
  resolved "https://registry.yarnpkg.com/simple-line-icons/-/simple-line-icons-2.4.1.tgz#b75bc5a0d87e530928c2ccda5735274bb256f234"

streamqueue@^0.1.1:
  version "0.1.3"
  resolved "https://registry.yarnpkg.com/streamqueue/-/streamqueue-0.1.3.tgz#b10d65158af579ce3a5f48c9276d01db23d4f8b5"
  dependencies:
    isstream "~0.1.1"
    readable-stream "~1.0.33"

string_decoder@~0.10.x:
  version "0.10.31"
  resolved "https://registry.yarnpkg.com/string_decoder/-/string_decoder-0.10.31.tgz#62e203bc41766c6c28c9fc84301dab1c5310fa94"
(venv) mfaraji@dev:~/inspire$ 